<?xml version="1.0" encoding="utf-8"?>
<Project ToolsVersion="4.0" xmlns="http://schemas.microsoft.com/developer/msbuild/2003">
  <ItemGroup>
    <Filter Include="templates">
      <UniqueIdentifier>{33540759-b3d2-4f54-8f6d-fbc6a9451eb4}</UniqueIdentifier>
    </Filter>
    <Filter Include="static">
      <UniqueIdentifier>{b05e218f-fefa-4146-96b9-b82cf9abc417}</UniqueIdentifier>
    </Filter>
    <Filter Include="templates\reportes">
      <UniqueIdentifier>{a4befaaa-7bf2-44b9-99bc-43f8056dd016}</UniqueIdentifier>
    </Filter>
    <Filter Include="templates\evaluaciones">
      <UniqueIdentifier>{43e90b8a-6f6f-4d0e-8045-a4d1e3c627fc}</UniqueIdentifier>
    </Filter>
    <Filter Include=".gihub">
      <UniqueIdentifier>{7d088999-dbd0-41ba-b5b7-0d7be6d6ec3b}</UniqueIdentifier>
    </Filter>
    <Filter Include=".gihub\workflows">
      <UniqueIdentifier>{e718e765-f5da-4f76-8298-3b0f263c59c7}</UniqueIdentifier>
    </Filter>
  </ItemGroup>
  <ItemGroup>
    <None Include="__init__.py" />
    <None Include="routes.py" />
    <None Include="models.py" />
    <None Include="base.html">
      <Filter>templates</Filter>
    </None>
    <None Include="rubric.html">
      <Filter>templates</Filter>
    </None>
    <None Include="result.html">
      <Filter>templates</Filter>
    </None>
    <None Include="login.html">
      <Filter>templates</Filter>
    </None>
    <None Include="dashboard.html">
      <Filter>templates</Filter>
    </None>
    <None Include="evidences.html">
      <Filter>templates</Filter>
    </None>
    <None Include="style.css">
      <Filter>static</Filter>
    </None>
    <None Include="auth.py" />
    <None Include="revision.html">
      <Filter>templates</Filter>
    </None>
    <None Include="decoradores.py" />
    <None Include="reporte_final.html">
      <Filter>templates\reportes</Filter>
    </None>
    <None Include="lista.html">
      <Filter>templates\evaluaciones</Filter>
    </None>
    <None Include="detalles.html">
      <Filter>templates\evaluaciones</Filter>
    </None>
    <None Include="upload_project.html">
      <Filter>templates\evaluaciones</Filter>
    </None>
    <None Include="evaluation.html">
      <Filter>templates\evaluaciones</Filter>
    </None>
    <None Include="notificaciones.html">
      <Filter>templates</Filter>
    </None>
    <None Include="forms.py" />
    <None Include="main.yml">
      <Filter>.gihub\workflows</Filter>
    </None>
    <None Include="evaluacionproyectos.py" />
  </ItemGroup>
</Project>